<?xml version="1.0" encoding="utf-8"?>
<Project ToolsVersion="4.0" xmlns="http://schemas.microsoft.com/developer/msbuild/2003">
  <ItemGroup>
    <Filter Include="Source files">
      <UniqueIdentifier>{d53ab63d-1ed3-41e3-9e5b-0fd1cc0c43ec}</UniqueIdentifier>
      <Extensions>cpp;c;cc;cxx;def;odl;idl;hpj;bat;asm;asmx</Extensions>
    </Filter>
    <Filter Include="Header files">
      <UniqueIdentifier>{2ce8b891-e252-4d41-bdf8-398ee35dde12}</UniqueIdentifier>
      <Extensions>h;hpp;hxx;hm;inl;inc;xsd</Extensions>
    </Filter>
    <Filter Include="Resource files">
      <UniqueIdentifier>{0331be1a-067f-433e-8ce4-f4f543fe3200}</UniqueIdentifier>
      <Extensions>rc;ico;cur;bmp;dlg;rc2;rct;bin;rgs;gif;jpg;jpeg;jpe;resx;tiff;tif;png;wav</Extensions>
    </Filter>
    <Filter Include="Source files\Drivers">
      <UniqueIdentifier>{563fc833-1666-4aab-860f-431f837fce4e}</UniqueIdentifier>
    </Filter>
    <Filter Include="Header files\Drivers">
      <UniqueIdentifier>{2604bc56-b7c9-4ab4-b7cd-41eeb1d08c63}</UniqueIdentifier>
    </Filter>
    <Filter Include="Source files\Drivers\CMSIS">
      <UniqueIdentifier>{846e62e4-aa79-480e-9a22-a24bbdf696dc}</UniqueIdentifier>
    </Filter>
    <Filter Include="Header files\Drivers\CMSIS">
      <UniqueIdentifier>{eb9cb3fe-4536-4036-9040-391db244798c}</UniqueIdentifier>
    </Filter>
    <Filter Include="Source files\Drivers\CMSIS\Device">
      <UniqueIdentifier>{b509754e-e49f-47f4-bd83-66b6763d4cca}</UniqueIdentifier>
    </Filter>
    <Filter Include="Header files\Drivers\CMSIS\Device">
      <UniqueIdentifier>{47d306f0-1f70-441c-be9e-3662544e6d52}</UniqueIdentifier>
    </Filter>
    <Filter Include="Source files\Drivers\CMSIS\Device\ST">
      <UniqueIdentifier>{0f94d29a-347d-41c6-9c35-7c368cddcd45}</UniqueIdentifier>
    </Filter>
    <Filter Include="Header files\Drivers\CMSIS\Device\ST">
      <UniqueIdentifier>{4f62c5ae-f131-4212-b96a-46cc3d42a154}</UniqueIdentifier>
    </Filter>
    <Filter Include="Source files\Drivers\CMSIS\Device\ST\STM32F4xx">
      <UniqueIdentifier>{8d7d258d-fdee-49ba-affe-35c10f8df0c5}</UniqueIdentifier>
    </Filter>
    <Filter Include="Header files\Drivers\CMSIS\Device\ST\STM32F4xx">
      <UniqueIdentifier>{21a83f8f-5abc-430d-92e8-c53c90277630}</UniqueIdentifier>
    </Filter>
    <Filter Include="Source files\Drivers\CMSIS\Device\ST\STM32F4xx\Include">
      <UniqueIdentifier>{aacea29d-7070-4c76-8dbd-a3c841c4a48b}</UniqueIdentifier>
    </Filter>
    <Filter Include="Header files\Drivers\CMSIS\Device\ST\STM32F4xx\Include">
      <UniqueIdentifier>{243e18d7-ecf0-4264-a24c-2c77338cb83b}</UniqueIdentifier>
    </Filter>
    <Filter Include="Source files\Drivers\CMSIS\Device\ST\STM32F4xx\Source">
      <UniqueIdentifier>{db0cffba-40b4-4a60-9c49-f82e462c7bc9}</UniqueIdentifier>
    </Filter>
    <Filter Include="Header files\Drivers\CMSIS\Device\ST\STM32F4xx\Source">
      <UniqueIdentifier>{8eb65fd3-2220-41fe-8160-1555fef2dd0c}</UniqueIdentifier>
    </Filter>
    <Filter Include="Source files\Drivers\CMSIS\Device\ST\STM32F4xx\Source\Templates">
      <UniqueIdentifier>{b9ec34a7-96b5-408c-af3c-2f5ac73d0b4f}</UniqueIdentifier>
    </Filter>
    <Filter Include="Header files\Drivers\CMSIS\Device\ST\STM32F4xx\Source\Templates">
      <UniqueIdentifier>{c9078b79-008b-4eb7-9104-182d1e847691}</UniqueIdentifier>
    </Filter>
    <Filter Include="Source files\Drivers\CMSIS\Include">
      <UniqueIdentifier>{9a135a13-ac95-4efd-80f3-1255741cd198}</UniqueIdentifier>
    </Filter>
    <Filter Include="Header files\Drivers\CMSIS\Include">
      <UniqueIdentifier>{143b4735-f87a-4f3a-bcdf-bc9fb138f454}</UniqueIdentifier>
    </Filter>
    <Filter Include="Source files\Drivers\STM32F4xx_HAL_Driver">
      <UniqueIdentifier>{a76d6252-7105-4edf-a551-39d78ba7ef0c}</UniqueIdentifier>
    </Filter>
    <Filter Include="Header files\Drivers\STM32F4xx_HAL_Driver">
      <UniqueIdentifier>{751aae15-6766-488e-8cdd-b26bc7025897}</UniqueIdentifier>
    </Filter>
    <Filter Include="Source files\Drivers\STM32F4xx_HAL_Driver\Inc">
      <UniqueIdentifier>{468b8936-cf2c-43e0-a610-fbf8722a8eb2}</UniqueIdentifier>
    </Filter>
    <Filter Include="Header files\Drivers\STM32F4xx_HAL_Driver\Inc">
      <UniqueIdentifier>{8b7a6c62-c2b7-4a75-9b44-bc4c83b2695e}</UniqueIdentifier>
    </Filter>
    <Filter Include="Source files\Drivers\STM32F4xx_HAL_Driver\Inc\Legacy">
      <UniqueIdentifier>{801fb5ea-9235-4265-87a7-7ea83db80561}</UniqueIdentifier>
    </Filter>
    <Filter Include="Header files\Drivers\STM32F4xx_HAL_Driver\Inc\Legacy">
      <UniqueIdentifier>{aa1545f5-2006-4039-b822-4c3891a28ef2}</UniqueIdentifier>
    </Filter>
    <Filter Include="Source files\Drivers\STM32F4xx_HAL_Driver\Src">
      <UniqueIdentifier>{581150b9-5269-464d-9b31-e65a8b72f41e}</UniqueIdentifier>
    </Filter>
    <Filter Include="Header files\Drivers\STM32F4xx_HAL_Driver\Src">
      <UniqueIdentifier>{fe581803-01c3-41da-b0c1-73a1ad0f025c}</UniqueIdentifier>
    </Filter>
    <Filter Include="Source files\Inc">
      <UniqueIdentifier>{80711af4-1290-4da8-bdff-5c64cb99df17}</UniqueIdentifier>
    </Filter>
    <Filter Include="Header files\Inc">
      <UniqueIdentifier>{70a8b98f-4580-41c2-8f2d-5c4537e6dde3}</UniqueIdentifier>
    </Filter>
    <Filter Include="Source files\Middlewares">
      <UniqueIdentifier>{be4fc78e-44fc-4abe-b139-40521ba6d6c5}</UniqueIdentifier>
    </Filter>
    <Filter Include="Header files\Middlewares">
      <UniqueIdentifier>{dfed3def-fda7-429e-99a4-119f4e295e65}</UniqueIdentifier>
    </Filter>
    <Filter Include="Source files\Middlewares\Third_Party">
      <UniqueIdentifier>{da85a41f-c6cc-446a-ab2c-3750722a285b}</UniqueIdentifier>
    </Filter>
    <Filter Include="Header files\Middlewares\Third_Party">
      <UniqueIdentifier>{852f9496-7ee1-4b55-ba30-cda48dc056ce}</UniqueIdentifier>
    </Filter>
    <Filter Include="Source files\Middlewares\Third_Party\FreeRTOS">
      <UniqueIdentifier>{bc481030-1e81-4991-bbc0-96f481122c70}</UniqueIdentifier>
    </Filter>
    <Filter Include="Header files\Middlewares\Third_Party\FreeRTOS">
      <UniqueIdentifier>{d575bab1-d933-4f2d-9f3e-5c4f8990dfdc}</UniqueIdentifier>
    </Filter>
    <Filter Include="Source files\Middlewares\Third_Party\FreeRTOS\Source">
      <UniqueIdentifier>{756b7282-0c7f-41f2-8b8e-642242d7260d}</UniqueIdentifier>
    </Filter>
    <Filter Include="Header files\Middlewares\Third_Party\FreeRTOS\Source">
      <UniqueIdentifier>{14cf5174-d1a0-4e08-a29d-7da1f577e6b6}</UniqueIdentifier>
    </Filter>
    <Filter Include="Source files\Middlewares\Third_Party\FreeRTOS\Source\CMSIS_RTOS">
      <UniqueIdentifier>{90d81515-3b2e-438f-abb0-5a0d8de01a3e}</UniqueIdentifier>
    </Filter>
    <Filter Include="Header files\Middlewares\Third_Party\FreeRTOS\Source\CMSIS_RTOS">
      <UniqueIdentifier>{58ac997d-44ad-48e6-82f8-57aa9676aebc}</UniqueIdentifier>
    </Filter>
    <Filter Include="Source files\Middlewares\Third_Party\FreeRTOS\Source\include">
      <UniqueIdentifier>{5f5fbeca-fc93-40fc-9193-92517ee9733b}</UniqueIdentifier>
    </Filter>
    <Filter Include="Header files\Middlewares\Third_Party\FreeRTOS\Source\include">
      <UniqueIdentifier>{d05801d7-0c17-4297-a88d-ff552eab5602}</UniqueIdentifier>
    </Filter>
    <Filter Include="Source files\Middlewares\Third_Party\FreeRTOS\Source\portable">
      <UniqueIdentifier>{100ec8e6-5b34-4b11-9357-8abae8899e03}</UniqueIdentifier>
    </Filter>
    <Filter Include="Header files\Middlewares\Third_Party\FreeRTOS\Source\portable">
      <UniqueIdentifier>{5568e462-c2ad-43b9-9db7-1ddd556e9362}</UniqueIdentifier>
    </Filter>
    <Filter Include="Source files\Middlewares\Third_Party\FreeRTOS\Source\portable\GCC">
      <UniqueIdentifier>{f2031723-3b9e-4ffc-a2af-131a8aa98d9e}</UniqueIdentifier>
    </Filter>
    <Filter Include="Header files\Middlewares\Third_Party\FreeRTOS\Source\portable\GCC">
      <UniqueIdentifier>{676b12fe-0866-4ef1-bace-ce78f3222f77}</UniqueIdentifier>
    </Filter>
    <Filter Include="Source files\Middlewares\Third_Party\FreeRTOS\Source\portable\GCC\ARM_CM4F">
      <UniqueIdentifier>{752b2118-c9d0-44c3-8466-37a9c7d51872}</UniqueIdentifier>
    </Filter>
    <Filter Include="Header files\Middlewares\Third_Party\FreeRTOS\Source\portable\GCC\ARM_CM4F">
      <UniqueIdentifier>{3a679a07-8794-4a59-9825-a552f0522e0f}</UniqueIdentifier>
    </Filter>
    <Filter Include="Source files\Middlewares\Third_Party\FreeRTOS\Source\portable\MemMang">
      <UniqueIdentifier>{46e86c62-92f3-45f5-9dc6-71869b568d33}</UniqueIdentifier>
    </Filter>
    <Filter Include="Header files\Middlewares\Third_Party\FreeRTOS\Source\portable\MemMang">
      <UniqueIdentifier>{a89e1940-48dd-4f1f-8613-b109bf5da630}</UniqueIdentifier>
    </Filter>
    <Filter Include="Source files\Src">
      <UniqueIdentifier>{ada96fc0-7583-4960-9feb-f998d989b8c1}</UniqueIdentifier>
    </Filter>
    <Filter Include="Header files\Src">
      <UniqueIdentifier>{d9b3b16f-dd97-47cf-9904-5d8355b1be9f}</UniqueIdentifier>
    </Filter>
    <Filter Include="Source files\SW4STM32">
      <UniqueIdentifier>{716e9301-f73e-4ece-85f8-b7a0241ec405}</UniqueIdentifier>
    </Filter>
    <Filter Include="Header files\SW4STM32">
      <UniqueIdentifier>{4bd118a0-b0a5-4b63-93be-e2c6f2db5d83}</UniqueIdentifier>
    </Filter>
    <Filter Include="Make files">
      <UniqueIdentifier>{e45edccb-172c-474b-9ff4-4cc0c819e9ae}</UniqueIdentifier>
      <Extensions>*.mak</Extensions>
    </Filter>
    <Filter Include="Source files\Device-specific files">
      <UniqueIdentifier>{504cff78-a593-4fea-ba60-234e65cdde9a}</UniqueIdentifier>
    </Filter>
    <Filter Include="Header files\Device-specific files">
      <UniqueIdentifier>{8670821c-0b22-4785-a155-0d646567601a}</UniqueIdentifier>
    </Filter>
  </ItemGroup>
  <ItemGroup>
    <ClInclude Include="Drivers\CMSIS\Device\ST\STM32F4xx\Include\stm32f401xc.h">
      <Filter>Header files\Drivers\CMSIS\Device\ST\STM32F4xx\Include</Filter>
    </ClInclude>
    <ClInclude Include="Drivers\CMSIS\Device\ST\STM32F4xx\Include\stm32f401xe.h">
      <Filter>Header files\Drivers\CMSIS\Device\ST\STM32F4xx\Include</Filter>
    </ClInclude>
    <ClInclude Include="Drivers\CMSIS\Device\ST\STM32F4xx\Include\stm32f405xx.h">
      <Filter>Header files\Drivers\CMSIS\Device\ST\STM32F4xx\Include</Filter>
    </ClInclude>
    <ClInclude Include="Drivers\CMSIS\Device\ST\STM32F4xx\Include\stm32f407xx.h">
      <Filter>Header files\Drivers\CMSIS\Device\ST\STM32F4xx\Include</Filter>
    </ClInclude>
    <ClInclude Include="Drivers\CMSIS\Device\ST\STM32F4xx\Include\stm32f411xe.h">
      <Filter>Header files\Drivers\CMSIS\Device\ST\STM32F4xx\Include</Filter>
    </ClInclude>
    <ClInclude Include="Drivers\CMSIS\Device\ST\STM32F4xx\Include\stm32f415xx.h">
      <Filter>Header files\Drivers\CMSIS\Device\ST\STM32F4xx\Include</Filter>
    </ClInclude>
    <ClInclude Include="Drivers\CMSIS\Device\ST\STM32F4xx\Include\stm32f417xx.h">
      <Filter>Header files\Drivers\CMSIS\Device\ST\STM32F4xx\Include</Filter>
    </ClInclude>
    <ClInclude Include="Drivers\CMSIS\Device\ST\STM32F4xx\Include\stm32f427xx.h">
      <Filter>Header files\Drivers\CMSIS\Device\ST\STM32F4xx\Include</Filter>
    </ClInclude>
    <ClInclude Include="Drivers\CMSIS\Device\ST\STM32F4xx\Include\stm32f429xx.h">
      <Filter>Header files\Drivers\CMSIS\Device\ST\STM32F4xx\Include</Filter>
    </ClInclude>
    <ClInclude Include="Drivers\CMSIS\Device\ST\STM32F4xx\Include\stm32f437xx.h">
      <Filter>Header files\Drivers\CMSIS\Device\ST\STM32F4xx\Include</Filter>
    </ClInclude>
    <ClInclude Include="Drivers\CMSIS\Device\ST\STM32F4xx\Include\stm32f439xx.h">
      <Filter>Header files\Drivers\CMSIS\Device\ST\STM32F4xx\Include</Filter>
    </ClInclude>
    <ClInclude Include="Drivers\CMSIS\Device\ST\STM32F4xx\Include\stm32f446xx.h">
      <Filter>Header files\Drivers\CMSIS\Device\ST\STM32F4xx\Include</Filter>
    </ClInclude>
    <ClInclude Include="Drivers\CMSIS\Device\ST\STM32F4xx\Include\stm32f4xx.h">
      <Filter>Header files\Drivers\CMSIS\Device\ST\STM32F4xx\Include</Filter>
    </ClInclude>
    <ClInclude Include="Drivers\CMSIS\Device\ST\STM32F4xx\Include\system_stm32f4xx.h">
      <Filter>Header files\Drivers\CMSIS\Device\ST\STM32F4xx\Include</Filter>
    </ClInclude>
    <ClInclude Include="Drivers\CMSIS\Include\arm_common_tables.h">
      <Filter>Header files\Drivers\CMSIS\Include</Filter>
    </ClInclude>
    <ClInclude Include="Drivers\CMSIS\Include\arm_const_structs.h">
      <Filter>Header files\Drivers\CMSIS\Include</Filter>
    </ClInclude>
    <ClInclude Include="Drivers\CMSIS\Include\arm_math.h">
      <Filter>Header files\Drivers\CMSIS\Include</Filter>
    </ClInclude>
    <ClInclude Include="Drivers\CMSIS\Include\core_cm0.h">
      <Filter>Header files\Drivers\CMSIS\Include</Filter>
    </ClInclude>
    <ClInclude Include="Drivers\CMSIS\Include\core_cm0plus.h">
      <Filter>Header files\Drivers\CMSIS\Include</Filter>
    </ClInclude>
    <ClInclude Include="Drivers\CMSIS\Include\core_cm3.h">
      <Filter>Header files\Drivers\CMSIS\Include</Filter>
    </ClInclude>
    <ClInclude Include="Drivers\CMSIS\Include\core_cm4.h">
      <Filter>Header files\Drivers\CMSIS\Include</Filter>
    </ClInclude>
    <ClInclude Include="Drivers\CMSIS\Include\core_cm7.h">
      <Filter>Header files\Drivers\CMSIS\Include</Filter>
    </ClInclude>
    <ClInclude Include="Drivers\CMSIS\Include\core_cmFunc.h">
      <Filter>Header files\Drivers\CMSIS\Include</Filter>
    </ClInclude>
    <ClInclude Include="Drivers\CMSIS\Include\core_cmInstr.h">
      <Filter>Header files\Drivers\CMSIS\Include</Filter>
    </ClInclude>
    <ClInclude Include="Drivers\CMSIS\Include\core_cmSimd.h">
      <Filter>Header files\Drivers\CMSIS\Include</Filter>
    </ClInclude>
    <ClInclude Include="Drivers\CMSIS\Include\core_sc000.h">
      <Filter>Header files\Drivers\CMSIS\Include</Filter>
    </ClInclude>
    <ClInclude Include="Drivers\CMSIS\Include\core_sc300.h">
      <Filter>Header files\Drivers\CMSIS\Include</Filter>
    </ClInclude>
    <ClInclude Include="Drivers\STM32F4xx_HAL_Driver\Inc\stm32f4xx_hal.h">
      <Filter>Header files\Drivers\STM32F4xx_HAL_Driver\Inc</Filter>
    </ClInclude>
    <ClInclude Include="Drivers\STM32F4xx_HAL_Driver\Inc\stm32f4xx_hal_cortex.h">
      <Filter>Header files\Drivers\STM32F4xx_HAL_Driver\Inc</Filter>
    </ClInclude>
    <ClInclude Include="Drivers\STM32F4xx_HAL_Driver\Inc\stm32f4xx_hal_def.h">
      <Filter>Header files\Drivers\STM32F4xx_HAL_Driver\Inc</Filter>
    </ClInclude>
    <ClInclude Include="Drivers\STM32F4xx_HAL_Driver\Inc\stm32f4xx_hal_dma.h">
      <Filter>Header files\Drivers\STM32F4xx_HAL_Driver\Inc</Filter>
    </ClInclude>
    <ClInclude Include="Drivers\STM32F4xx_HAL_Driver\Inc\stm32f4xx_hal_dma_ex.h">
      <Filter>Header files\Drivers\STM32F4xx_HAL_Driver\Inc</Filter>
    </ClInclude>
    <ClInclude Include="Drivers\STM32F4xx_HAL_Driver\Inc\stm32f4xx_hal_flash.h">
      <Filter>Header files\Drivers\STM32F4xx_HAL_Driver\Inc</Filter>
    </ClInclude>
    <ClInclude Include="Drivers\STM32F4xx_HAL_Driver\Inc\stm32f4xx_hal_flash_ex.h">
      <Filter>Header files\Drivers\STM32F4xx_HAL_Driver\Inc</Filter>
    </ClInclude>
    <ClInclude Include="Drivers\STM32F4xx_HAL_Driver\Inc\stm32f4xx_hal_flash_ramfunc.h">
      <Filter>Header files\Drivers\STM32F4xx_HAL_Driver\Inc</Filter>
    </ClInclude>
    <ClInclude Include="Drivers\STM32F4xx_HAL_Driver\Inc\stm32f4xx_hal_gpio.h">
      <Filter>Header files\Drivers\STM32F4xx_HAL_Driver\Inc</Filter>
    </ClInclude>
    <ClInclude Include="Drivers\STM32F4xx_HAL_Driver\Inc\stm32f4xx_hal_gpio_ex.h">
      <Filter>Header files\Drivers\STM32F4xx_HAL_Driver\Inc</Filter>
    </ClInclude>
    <ClInclude Include="Drivers\STM32F4xx_HAL_Driver\Inc\stm32f4xx_hal_pwr.h">
      <Filter>Header files\Drivers\STM32F4xx_HAL_Driver\Inc</Filter>
    </ClInclude>
    <ClInclude Include="Drivers\STM32F4xx_HAL_Driver\Inc\stm32f4xx_hal_pwr_ex.h">
      <Filter>Header files\Drivers\STM32F4xx_HAL_Driver\Inc</Filter>
    </ClInclude>
    <ClInclude Include="Drivers\STM32F4xx_HAL_Driver\Inc\stm32f4xx_hal_rcc.h">
      <Filter>Header files\Drivers\STM32F4xx_HAL_Driver\Inc</Filter>
    </ClInclude>
    <ClInclude Include="Drivers\STM32F4xx_HAL_Driver\Inc\stm32f4xx_hal_rcc_ex.h">
      <Filter>Header files\Drivers\STM32F4xx_HAL_Driver\Inc</Filter>
    </ClInclude>
    <ClInclude Include="Drivers\STM32F4xx_HAL_Driver\Inc\Legacy\stm32_hal_legacy.h">
      <Filter>Header files\Drivers\STM32F4xx_HAL_Driver\Inc\Legacy</Filter>
    </ClInclude>
    <ClInclude Include="Inc\FreeRTOSConfig.h">
      <Filter>Header files\Inc</Filter>
    </ClInclude>
    <ClInclude Include="Inc\stm32f4xx_hal_conf.h">
      <Filter>Header files\Inc</Filter>
    </ClInclude>
    <ClInclude Include="Inc\stm32f4xx_it.h">
      <Filter>Header files\Inc</Filter>
    </ClInclude>
    <ClInclude Include="Middlewares\Third_Party\FreeRTOS\Source\CMSIS_RTOS\cmsis_os.h">
      <Filter>Header files\Middlewares\Third_Party\FreeRTOS\Source\CMSIS_RTOS</Filter>
    </ClInclude>
    <ClInclude Include="Middlewares\Third_Party\FreeRTOS\Source\include\croutine.h">
      <Filter>Header files\Middlewares\Third_Party\FreeRTOS\Source\include</Filter>
    </ClInclude>
    <ClInclude Include="Middlewares\Third_Party\FreeRTOS\Source\include\event_groups.h">
      <Filter>Header files\Middlewares\Third_Party\FreeRTOS\Source\include</Filter>
    </ClInclude>
    <ClInclude Include="Middlewares\Third_Party\FreeRTOS\Source\include\FreeRTOS.h">
      <Filter>Header files\Middlewares\Third_Party\FreeRTOS\Source\include</Filter>
    </ClInclude>
    <ClInclude Include="Middlewares\Third_Party\FreeRTOS\Source\include\FreeRTOSConfig_template.h">
      <Filter>Header files\Middlewares\Third_Party\FreeRTOS\Source\include</Filter>
    </ClInclude>
    <ClInclude Include="Middlewares\Third_Party\FreeRTOS\Source\include\list.h">
      <Filter>Header files\Middlewares\Third_Party\FreeRTOS\Source\include</Filter>
    </ClInclude>
    <ClInclude Include="Middlewares\Third_Party\FreeRTOS\Source\include\mpu_wrappers.h">
      <Filter>Header files\Middlewares\Third_Party\FreeRTOS\Source\include</Filter>
    </ClInclude>
    <ClInclude Include="Middlewares\Third_Party\FreeRTOS\Source\include\portable.h">
      <Filter>Header files\Middlewares\Third_Party\FreeRTOS\Source\include</Filter>
    </ClInclude>
    <ClInclude Include="Middlewares\Third_Party\FreeRTOS\Source\include\projdefs.h">
      <Filter>Header files\Middlewares\Third_Party\FreeRTOS\Source\include</Filter>
    </ClInclude>
    <ClInclude Include="Middlewares\Third_Party\FreeRTOS\Source\include\queue.h">
      <Filter>Header files\Middlewares\Third_Party\FreeRTOS\Source\include</Filter>
    </ClInclude>
    <ClInclude Include="Middlewares\Third_Party\FreeRTOS\Source\include\semphr.h">
      <Filter>Header files\Middlewares\Third_Party\FreeRTOS\Source\include</Filter>
    </ClInclude>
    <ClInclude Include="Middlewares\Third_Party\FreeRTOS\Source\include\StackMacros.h">
      <Filter>Header files\Middlewares\Third_Party\FreeRTOS\Source\include</Filter>
    </ClInclude>
    <ClInclude Include="Middlewares\Third_Party\FreeRTOS\Source\include\task.h">
      <Filter>Header files\Middlewares\Third_Party\FreeRTOS\Source\include</Filter>
    </ClInclude>
    <ClInclude Include="Middlewares\Third_Party\FreeRTOS\Source\include\timers.h">
      <Filter>Header files\Middlewares\Third_Party\FreeRTOS\Source\include</Filter>
    </ClInclude>
    <ClInclude Include="Middlewares\Third_Party\FreeRTOS\Source\portable\GCC\ARM_CM4F\portmacro.h">
      <Filter>Header files\Middlewares\Third_Party\FreeRTOS\Source\portable\GCC\ARM_CM4F</Filter>
    </ClInclude>
  </ItemGroup>
  <ItemGroup>
    <ClCompile Include="Drivers\CMSIS\Device\ST\STM32F4xx\Source\Templates\system_stm32f4xx.c">
      <Filter>Source files\Drivers\CMSIS\Device\ST\STM32F4xx\Source\Templates</Filter>
    </ClCompile>
    <ClCompile Include="Drivers\STM32F4xx_HAL_Driver\Src\stm32f4xx_hal.c">
      <Filter>Source files\Drivers\STM32F4xx_HAL_Driver\Src</Filter>
    </ClCompile>
    <ClCompile Include="Drivers\STM32F4xx_HAL_Driver\Src\stm32f4xx_hal_cortex.c">
      <Filter>Source files\Drivers\STM32F4xx_HAL_Driver\Src</Filter>
    </ClCompile>
    <ClCompile Include="Drivers\STM32F4xx_HAL_Driver\Src\stm32f4xx_hal_dma.c">
      <Filter>Source files\Drivers\STM32F4xx_HAL_Driver\Src</Filter>
    </ClCompile>
    <ClCompile Include="Drivers\STM32F4xx_HAL_Driver\Src\stm32f4xx_hal_dma_ex.c">
      <Filter>Source files\Drivers\STM32F4xx_HAL_Driver\Src</Filter>
    </ClCompile>
    <ClCompile Include="Drivers\STM32F4xx_HAL_Driver\Src\stm32f4xx_hal_flash.c">
      <Filter>Source files\Drivers\STM32F4xx_HAL_Driver\Src</Filter>
    </ClCompile>
    <ClCompile Include="Drivers\STM32F4xx_HAL_Driver\Src\stm32f4xx_hal_flash_ex.c">
      <Filter>Source files\Drivers\STM32F4xx_HAL_Driver\Src</Filter>
    </ClCompile>
    <ClCompile Include="Drivers\STM32F4xx_HAL_Driver\Src\stm32f4xx_hal_flash_ramfunc.c">
      <Filter>Source files\Drivers\STM32F4xx_HAL_Driver\Src</Filter>
    </ClCompile>
    <ClCompile Include="Drivers\STM32F4xx_HAL_Driver\Src\stm32f4xx_hal_gpio.c">
      <Filter>Source files\Drivers\STM32F4xx_HAL_Driver\Src</Filter>
    </ClCompile>
    <ClCompile Include="Drivers\STM32F4xx_HAL_Driver\Src\stm32f4xx_hal_pwr.c">
      <Filter>Source files\Drivers\STM32F4xx_HAL_Driver\Src</Filter>
    </ClCompile>
    <ClCompile Include="Drivers\STM32F4xx_HAL_Driver\Src\stm32f4xx_hal_pwr_ex.c">
      <Filter>Source files\Drivers\STM32F4xx_HAL_Driver\Src</Filter>
    </ClCompile>
    <ClCompile Include="Drivers\STM32F4xx_HAL_Driver\Src\stm32f4xx_hal_rcc.c">
      <Filter>Source files\Drivers\STM32F4xx_HAL_Driver\Src</Filter>
    </ClCompile>
    <ClCompile Include="Drivers\STM32F4xx_HAL_Driver\Src\stm32f4xx_hal_rcc_ex.c">
      <Filter>Source files\Drivers\STM32F4xx_HAL_Driver\Src</Filter>
    </ClCompile>
    <ClCompile Include="Middlewares\Third_Party\FreeRTOS\Source\croutine.c">
      <Filter>Source files\Middlewares\Third_Party\FreeRTOS\Source</Filter>
    </ClCompile>
    <ClCompile Include="Middlewares\Third_Party\FreeRTOS\Source\event_groups.c">
      <Filter>Source files\Middlewares\Third_Party\FreeRTOS\Source</Filter>
    </ClCompile>
    <ClCompile Include="Middlewares\Third_Party\FreeRTOS\Source\list.c">
      <Filter>Source files\Middlewares\Third_Party\FreeRTOS\Source</Filter>
    </ClCompile>
    <ClCompile Include="Middlewares\Third_Party\FreeRTOS\Source\queue.c">
      <Filter>Source files\Middlewares\Third_Party\FreeRTOS\Source</Filter>
    </ClCompile>
    <ClCompile Include="Middlewares\Third_Party\FreeRTOS\Source\tasks.c">
      <Filter>Source files\Middlewares\Third_Party\FreeRTOS\Source</Filter>
    </ClCompile>
    <ClCompile Include="Middlewares\Third_Party\FreeRTOS\Source\timers.c">
      <Filter>Source files\Middlewares\Third_Party\FreeRTOS\Source</Filter>
    </ClCompile>
    <ClCompile Include="Middlewares\Third_Party\FreeRTOS\Source\CMSIS_RTOS\cmsis_os.c">
      <Filter>Source files\Middlewares\Third_Party\FreeRTOS\Source\CMSIS_RTOS</Filter>
    </ClCompile>
    <ClCompile Include="Middlewares\Third_Party\FreeRTOS\Source\portable\GCC\ARM_CM4F\port.c">
      <Filter>Source files\Middlewares\Third_Party\FreeRTOS\Source\portable\GCC\ARM_CM4F</Filter>
    </ClCompile>
    <ClCompile Include="Middlewares\Third_Party\FreeRTOS\Source\portable\MemMang\heap_4.c">
      <Filter>Source files\Middlewares\Third_Party\FreeRTOS\Source\portable\MemMang</Filter>
    </ClCompile>
    <ClCompile Include="Src\freertos.c">
      <Filter>Source files\Src</Filter>
    </ClCompile>
    <ClCompile Include="Src\main.c">
      <Filter>Source files\Src</Filter>
    </ClCompile>
    <ClCompile Include="Src\stm32f4xx_hal_msp.c">
      <Filter>Source files\Src</Filter>
    </ClCompile>
    <ClCompile Include="Src\stm32f4xx_it.c">
      <Filter>Source files\Src</Filter>
    </ClCompile>
    <ClCompile Include="SW4STM32\syscalls.c">
      <Filter>Source files\SW4STM32</Filter>
    </ClCompile>
  </ItemGroup>
  <ItemGroup>
    <None Include="Makefile" />
    <None Include="debug.mak">
      <Filter>Make files</Filter>
    </None>
    <None Include="release.mak">
      <Filter>Make files</Filter>
    </None>
    <None Include="stm32.mak">
      <Filter>Source files</Filter>
    </None>
    <None Include="..\..\EmbeddedProject7\discRTOS\Drivers\CMSIS\Device\ST\STM32F4xx\Source\Templates\gcc\startup_stm32f407xx.s">
      <Filter>Header files\SW4STM32</Filter>
    </None>
  </ItemGroup>
</Project>